
Microsoft Visual Studio Solution File, Format Version 12.00
# Visual Studio Version 17
VisualStudioVersion = 17.6.33717.318
MinimumVisualStudioVersion = 10.0.40219.1
Project("{FAE04EC0-301F-11D3-BF4B-00C04F79EFBC}") = "kkkk", "kkkk.csproj", "{E97A9D33-9D99-424D-86A8-734CAEDE516E}"
EndProject
Global
	GlobalSection(SolutionConfigurationPlatforms) = preSolution
		Debug|Any CPU = Debug|Any CPU
		Release|Any CPU = Release|Any CPU
	EndGlobalSection
	GlobalSection(ProjectConfigurationPlatforms) = postSolution
		{E97A9D33-9D99-424D-86A8-734CAEDE516E}.Debug|Any CPU.ActiveCfg = Debug|Any CPU
		{E97A9D33-9D99-424D-86A8-734CAEDE516E}.Debug|Any CPU.Build.0 = Debug|Any CPU
		{E97A9D33-9D99-424D-86A8-734CAEDE516E}.Release|Any CPU.ActiveCfg = Release|Any CPU
		{E97A9D33-9D99-424D-86A8-734CAEDE516E}.Release|Any CPU.Build.0 = Release|Any CPU
	EndGlobalSection
	GlobalSection(SolutionProperties) = preSolution
		HideSolutionNode = FALSE
	EndGlobalSection
	GlobalSection(ExtensibilityGlobals) = postSolution
		SolutionGuid = {C0BD6992-8816-4385-BB2B-9FCA154DA7D8}
	EndGlobalSection
EndGlobal
